
Microsoft Visual Studio Solution File, Format Version 12.00
# Visual Studio Version 16
VisualStudioVersion = 16.0.30711.63
MinimumVisualStudioVersion = 10.0.40219.1
Project("{FAE04EC0-301F-11D3-BF4B-00C04F79EFBC}") = "Railwayproject", "AAAA\Railwayproject.csproj", "{59AE263B-4174-476E-8A60-7610EB420CD9}"
EndProject
Global
	GlobalSection(SolutionConfigurationPlatforms) = preSolution
		Debug|Any CPU = Debug|Any CPU
		Release|Any CPU = Release|Any CPU
	EndGlobalSection
	GlobalSection(ProjectConfigurationPlatforms) = postSolution
		{59AE263B-4174-476E-8A60-7610EB420CD9}.Debug|Any CPU.ActiveCfg = Debug|Any CPU
		{59AE263B-4174-476E-8A60-7610EB420CD9}.Debug|Any CPU.Build.0 = Debug|Any CPU
		{59AE263B-4174-476E-8A60-7610EB420CD9}.Release|Any CPU.ActiveCfg = Release|Any CPU
		{59AE263B-4174-476E-8A60-7610EB420CD9}.Release|Any CPU.Build.0 = Release|Any CPU
	EndGlobalSection
	GlobalSection(SolutionProperties) = preSolution
		HideSolutionNode = FALSE
	EndGlobalSection
	GlobalSection(ExtensibilityGlobals) = postSolution
		SolutionGuid = {EE6ECB56-C3DF-477A-9D92-98B4997713DF}
	EndGlobalSection
EndGlobal
